
Microsoft Visual Studio Solution File, Format Version 12.00
# Visual Studio Version 18
VisualStudioVersion = 18.0.11205.157
MinimumVisualStudioVersion = 10.0.40219.1
Project("{2150E333-8FDC-42A3-9474-1A3956D46DE8}") = "misc", "misc", "{7CC18DE3-C0B8-4592-87AF-DFCB015C7818}"
	ProjectSection(SolutionItems) = preProject
		.editorconfig = .editorconfig
		.gitattributes = .gitattributes
		.gitignore = .gitignore
		.github\workflows\deploy-demo.yml = .github\workflows\deploy-demo.yml
		icon.png = icon.png
		NuGet.config = NuGet.config
		.github\workflows\nuget.yml = .github\workflows\nuget.yml
		README.md = README.md
	EndProjectSection
EndProject
Project("{FAE04EC0-301F-11D3-BF4B-00C04F79EFBC}") = "BlazorFastAddToCart", "BlazorFastAddToCart\BlazorFastAddToCart.csproj", "{59A21147-A635-B1B0-C89C-EE5678E7B78C}"
EndProject
Project("{FAE04EC0-301F-11D3-BF4B-00C04F79EFBC}") = "BlazorFastAddToCart.Demo", "BlazorFastAddToCart.Demo\BlazorFastAddToCart.Demo.csproj", "{53BF1A13-68B7-2A49-73CC-6E170A194D12}"
EndProject
Project("{FAE04EC0-301F-11D3-BF4B-00C04F79EFBC}") = "BlazorFastAddToCart.Tests", "BlazorFastAddToCart.Tests\BlazorFastAddToCart.Tests.csproj", "{C6C25E45-AED8-9B74-499B-A27E7421607B}"
EndProject
Global
	GlobalSection(SolutionConfigurationPlatforms) = preSolution
		Debug|Any CPU = Debug|Any CPU
		Release|Any CPU = Release|Any CPU
	EndGlobalSection
	GlobalSection(ProjectConfigurationPlatforms) = postSolution
		{59A21147-A635-B1B0-C89C-EE5678E7B78C}.Debug|Any CPU.ActiveCfg = Debug|Any CPU
		{59A21147-A635-B1B0-C89C-EE5678E7B78C}.Debug|Any CPU.Build.0 = Debug|Any CPU
		{59A21147-A635-B1B0-C89C-EE5678E7B78C}.Release|Any CPU.ActiveCfg = Release|Any CPU
		{59A21147-A635-B1B0-C89C-EE5678E7B78C}.Release|Any CPU.Build.0 = Release|Any CPU
		{53BF1A13-68B7-2A49-73CC-6E170A194D12}.Debug|Any CPU.ActiveCfg = Debug|Any CPU
		{53BF1A13-68B7-2A49-73CC-6E170A194D12}.Debug|Any CPU.Build.0 = Debug|Any CPU
		{53BF1A13-68B7-2A49-73CC-6E170A194D12}.Release|Any CPU.ActiveCfg = Release|Any CPU
		{53BF1A13-68B7-2A49-73CC-6E170A194D12}.Release|Any CPU.Build.0 = Release|Any CPU
		{C6C25E45-AED8-9B74-499B-A27E7421607B}.Debug|Any CPU.ActiveCfg = Debug|Any CPU
		{C6C25E45-AED8-9B74-499B-A27E7421607B}.Debug|Any CPU.Build.0 = Debug|Any CPU
		{C6C25E45-AED8-9B74-499B-A27E7421607B}.Release|Any CPU.ActiveCfg = Release|Any CPU
		{C6C25E45-AED8-9B74-499B-A27E7421607B}.Release|Any CPU.Build.0 = Release|Any CPU
	EndGlobalSection
	GlobalSection(SolutionProperties) = preSolution
		HideSolutionNode = FALSE
	EndGlobalSection
	GlobalSection(ExtensibilityGlobals) = postSolution
		SolutionGuid = {7D986D95-7286-4688-92CB-DB38800B6A21}
	EndGlobalSection
EndGlobal
